
Microsoft Visual Studio Solution File, Format Version 12.00
# Visual Studio Version 17
VisualStudioVersion = 17.7.34018.315
MinimumVisualStudioVersion = 10.0.40219.1
Project("{9A19103F-16F7-4668-BE54-9A1E7A4F7556}") = "Lessons", "Lessons\Lessons.csproj", "{6C1EFA7F-E3C1-4166-8E04-0258C3BF36CB}"
EndProject
Project("{9A19103F-16F7-4668-BE54-9A1E7A4F7556}") = "Dz_2", "Dz_2\Dz_2.csproj", "{CF20319F-2405-4E6E-86B3-63E0FC4503F8}"
EndProject
Project("{9A19103F-16F7-4668-BE54-9A1E7A4F7556}") = "DZ_3", "DZ_3\DZ_3.csproj", "{B1AF9187-77EF-4508-8929-58383B6A34C7}"
EndProject
Project("{FAE04EC0-301F-11D3-BF4B-00C04F79EFBC}") = "DZ_5_1", "DZ_5\DZ_5_1.csproj", "{D8E4B9CE-14F2-42FD-8FB3-8A49D39F6B5B}"
EndProject
Project("{FAE04EC0-301F-11D3-BF4B-00C04F79EFBC}") = "DZ_5_2", "dz5_2\DZ_5_2.csproj", "{FC845FFA-69EB-4578-AB66-FAD3E91E2110}"
EndProject
Project("{FAE04EC0-301F-11D3-BF4B-00C04F79EFBC}") = "DZ_5_3", "DZ_5\DZ_5_3\DZ_5_3.csproj", "{BFF78EEE-D56B-428D-9AC2-419F7A9D7921}"
EndProject
Project("{FAE04EC0-301F-11D3-BF4B-00C04F79EFBC}") = "5_1", "5\5_1\5_1.csproj", "{A0730530-E56B-4C64-B2EF-EFDA6C5C153E}"
EndProject
Global
	GlobalSection(SolutionConfigurationPlatforms) = preSolution
		Debug|Any CPU = Debug|Any CPU
		Release|Any CPU = Release|Any CPU
	EndGlobalSection
	GlobalSection(ProjectConfigurationPlatforms) = postSolution
		{6C1EFA7F-E3C1-4166-8E04-0258C3BF36CB}.Debug|Any CPU.ActiveCfg = Debug|Any CPU
		{6C1EFA7F-E3C1-4166-8E04-0258C3BF36CB}.Debug|Any CPU.Build.0 = Debug|Any CPU
		{6C1EFA7F-E3C1-4166-8E04-0258C3BF36CB}.Release|Any CPU.ActiveCfg = Release|Any CPU
		{6C1EFA7F-E3C1-4166-8E04-0258C3BF36CB}.Release|Any CPU.Build.0 = Release|Any CPU
		{CF20319F-2405-4E6E-86B3-63E0FC4503F8}.Debug|Any CPU.ActiveCfg = Debug|Any CPU
		{CF20319F-2405-4E6E-86B3-63E0FC4503F8}.Debug|Any CPU.Build.0 = Debug|Any CPU
		{CF20319F-2405-4E6E-86B3-63E0FC4503F8}.Release|Any CPU.ActiveCfg = Release|Any CPU
		{CF20319F-2405-4E6E-86B3-63E0FC4503F8}.Release|Any CPU.Build.0 = Release|Any CPU
		{B1AF9187-77EF-4508-8929-58383B6A34C7}.Debug|Any CPU.ActiveCfg = Debug|Any CPU
		{B1AF9187-77EF-4508-8929-58383B6A34C7}.Debug|Any CPU.Build.0 = Debug|Any CPU
		{B1AF9187-77EF-4508-8929-58383B6A34C7}.Release|Any CPU.ActiveCfg = Release|Any CPU
		{B1AF9187-77EF-4508-8929-58383B6A34C7}.Release|Any CPU.Build.0 = Release|Any CPU
		{D8E4B9CE-14F2-42FD-8FB3-8A49D39F6B5B}.Debug|Any CPU.ActiveCfg = Debug|Any CPU
		{D8E4B9CE-14F2-42FD-8FB3-8A49D39F6B5B}.Debug|Any CPU.Build.0 = Debug|Any CPU
		{D8E4B9CE-14F2-42FD-8FB3-8A49D39F6B5B}.Release|Any CPU.ActiveCfg = Release|Any CPU
		{D8E4B9CE-14F2-42FD-8FB3-8A49D39F6B5B}.Release|Any CPU.Build.0 = Release|Any CPU
		{FC845FFA-69EB-4578-AB66-FAD3E91E2110}.Debug|Any CPU.ActiveCfg = Debug|Any CPU
		{FC845FFA-69EB-4578-AB66-FAD3E91E2110}.Debug|Any CPU.Build.0 = Debug|Any CPU
		{FC845FFA-69EB-4578-AB66-FAD3E91E2110}.Release|Any CPU.ActiveCfg = Release|Any CPU
		{FC845FFA-69EB-4578-AB66-FAD3E91E2110}.Release|Any CPU.Build.0 = Release|Any CPU
		{BFF78EEE-D56B-428D-9AC2-419F7A9D7921}.Debug|Any CPU.ActiveCfg = Debug|Any CPU
		{BFF78EEE-D56B-428D-9AC2-419F7A9D7921}.Debug|Any CPU.Build.0 = Debug|Any CPU
		{BFF78EEE-D56B-428D-9AC2-419F7A9D7921}.Release|Any CPU.ActiveCfg = Release|Any CPU
		{BFF78EEE-D56B-428D-9AC2-419F7A9D7921}.Release|Any CPU.Build.0 = Release|Any CPU
		{A0730530-E56B-4C64-B2EF-EFDA6C5C153E}.Debug|Any CPU.ActiveCfg = Debug|Any CPU
		{A0730530-E56B-4C64-B2EF-EFDA6C5C153E}.Debug|Any CPU.Build.0 = Debug|Any CPU
		{A0730530-E56B-4C64-B2EF-EFDA6C5C153E}.Release|Any CPU.ActiveCfg = Release|Any CPU
		{A0730530-E56B-4C64-B2EF-EFDA6C5C153E}.Release|Any CPU.Build.0 = Release|Any CPU
	EndGlobalSection
	GlobalSection(SolutionProperties) = preSolution
		HideSolutionNode = FALSE
	EndGlobalSection
	GlobalSection(ExtensibilityGlobals) = postSolution
		SolutionGuid = {8DC7AA40-C0D4-4A54-A376-4A98FB45AB52}
	EndGlobalSection
EndGlobal
