
Microsoft Visual Studio Solution File, Format Version 12.00
# Visual Studio Version 17
VisualStudioVersion = 17.7.34018.315
MinimumVisualStudioVersion = 10.0.40219.1
Project("{9A19103F-16F7-4668-BE54-9A1E7A4F7556}") = "Lessons", "Lessons\Lessons.csproj", "{6C1EFA7F-E3C1-4166-8E04-0258C3BF36CB}"
EndProject
Project("{9A19103F-16F7-4668-BE54-9A1E7A4F7556}") = "Dz_2", "Dz_2\Dz_2.csproj", "{CF20319F-2405-4E6E-86B3-63E0FC4503F8}"
EndProject
Project("{9A19103F-16F7-4668-BE54-9A1E7A4F7556}") = "DZ_3", "DZ_3\DZ_3.csproj", "{B1AF9187-77EF-4508-8929-58383B6A34C7}"
EndProject
Project("{9A19103F-16F7-4668-BE54-9A1E7A4F7556}") = "Lessons4", "Lessons4\Lessons4.csproj", "{34A5C3E9-5B70-49D0-B2B8-136DA0722F3B}"
EndProject
Project("{9A19103F-16F7-4668-BE54-9A1E7A4F7556}") = "Dz_5-1", "Dz_5-1\Dz_5-1.csproj", "{58A39422-F343-4C31-90CA-41BFC538FE24}"
EndProject
Project("{9A19103F-16F7-4668-BE54-9A1E7A4F7556}") = "DZ_6-1", "DZ_6\DZ_6-1\DZ_6-1.csproj", "{5C73BBAD-E461-4240-9DD4-FA32A21621DC}"
EndProject
Project("{9A19103F-16F7-4668-BE54-9A1E7A4F7556}") = "DZ_6-2", "DZ_6\DZ_6-2\DZ_6-2.csproj", "{36714113-3A73-424A-99B4-BF8C4EC1FDC2}"
EndProject
Project("{9A19103F-16F7-4668-BE54-9A1E7A4F7556}") = "DZ_6_3", "DZ_6\DZ_6_3\DZ_6_3.csproj", "{AEF49CAE-085F-43CF-AE58-E87F8D5B4EF7}"
EndProject
Project("{9A19103F-16F7-4668-BE54-9A1E7A4F7556}") = "DZ_6_4", "DZ_6\DZ_6_4\DZ_6_4.csproj", "{85A8F369-E278-40FE-9D39-DDA60CABFCDD}"
EndProject
Global
	GlobalSection(SolutionConfigurationPlatforms) = preSolution
		Debug|Any CPU = Debug|Any CPU
		Release|Any CPU = Release|Any CPU
	EndGlobalSection
	GlobalSection(ProjectConfigurationPlatforms) = postSolution
		{6C1EFA7F-E3C1-4166-8E04-0258C3BF36CB}.Debug|Any CPU.ActiveCfg = Debug|Any CPU
		{6C1EFA7F-E3C1-4166-8E04-0258C3BF36CB}.Debug|Any CPU.Build.0 = Debug|Any CPU
		{6C1EFA7F-E3C1-4166-8E04-0258C3BF36CB}.Release|Any CPU.ActiveCfg = Release|Any CPU
		{6C1EFA7F-E3C1-4166-8E04-0258C3BF36CB}.Release|Any CPU.Build.0 = Release|Any CPU
		{CF20319F-2405-4E6E-86B3-63E0FC4503F8}.Debug|Any CPU.ActiveCfg = Debug|Any CPU
		{CF20319F-2405-4E6E-86B3-63E0FC4503F8}.Debug|Any CPU.Build.0 = Debug|Any CPU
		{CF20319F-2405-4E6E-86B3-63E0FC4503F8}.Release|Any CPU.ActiveCfg = Release|Any CPU
		{CF20319F-2405-4E6E-86B3-63E0FC4503F8}.Release|Any CPU.Build.0 = Release|Any CPU
		{B1AF9187-77EF-4508-8929-58383B6A34C7}.Debug|Any CPU.ActiveCfg = Debug|Any CPU
		{B1AF9187-77EF-4508-8929-58383B6A34C7}.Debug|Any CPU.Build.0 = Debug|Any CPU
		{B1AF9187-77EF-4508-8929-58383B6A34C7}.Release|Any CPU.ActiveCfg = Release|Any CPU
		{B1AF9187-77EF-4508-8929-58383B6A34C7}.Release|Any CPU.Build.0 = Release|Any CPU
		{34A5C3E9-5B70-49D0-B2B8-136DA0722F3B}.Debug|Any CPU.ActiveCfg = Debug|Any CPU
		{34A5C3E9-5B70-49D0-B2B8-136DA0722F3B}.Debug|Any CPU.Build.0 = Debug|Any CPU
		{34A5C3E9-5B70-49D0-B2B8-136DA0722F3B}.Release|Any CPU.ActiveCfg = Release|Any CPU
		{34A5C3E9-5B70-49D0-B2B8-136DA0722F3B}.Release|Any CPU.Build.0 = Release|Any CPU
		{58A39422-F343-4C31-90CA-41BFC538FE24}.Debug|Any CPU.ActiveCfg = Debug|Any CPU
		{58A39422-F343-4C31-90CA-41BFC538FE24}.Debug|Any CPU.Build.0 = Debug|Any CPU
		{58A39422-F343-4C31-90CA-41BFC538FE24}.Release|Any CPU.ActiveCfg = Release|Any CPU
		{58A39422-F343-4C31-90CA-41BFC538FE24}.Release|Any CPU.Build.0 = Release|Any CPU
		{5C73BBAD-E461-4240-9DD4-FA32A21621DC}.Debug|Any CPU.ActiveCfg = Debug|Any CPU
		{5C73BBAD-E461-4240-9DD4-FA32A21621DC}.Debug|Any CPU.Build.0 = Debug|Any CPU
		{5C73BBAD-E461-4240-9DD4-FA32A21621DC}.Release|Any CPU.ActiveCfg = Release|Any CPU
		{5C73BBAD-E461-4240-9DD4-FA32A21621DC}.Release|Any CPU.Build.0 = Release|Any CPU
		{36714113-3A73-424A-99B4-BF8C4EC1FDC2}.Debug|Any CPU.ActiveCfg = Debug|Any CPU
		{36714113-3A73-424A-99B4-BF8C4EC1FDC2}.Debug|Any CPU.Build.0 = Debug|Any CPU
		{36714113-3A73-424A-99B4-BF8C4EC1FDC2}.Release|Any CPU.ActiveCfg = Release|Any CPU
		{36714113-3A73-424A-99B4-BF8C4EC1FDC2}.Release|Any CPU.Build.0 = Release|Any CPU
		{AEF49CAE-085F-43CF-AE58-E87F8D5B4EF7}.Debug|Any CPU.ActiveCfg = Debug|Any CPU
		{AEF49CAE-085F-43CF-AE58-E87F8D5B4EF7}.Debug|Any CPU.Build.0 = Debug|Any CPU
		{AEF49CAE-085F-43CF-AE58-E87F8D5B4EF7}.Release|Any CPU.ActiveCfg = Release|Any CPU
		{AEF49CAE-085F-43CF-AE58-E87F8D5B4EF7}.Release|Any CPU.Build.0 = Release|Any CPU
		{85A8F369-E278-40FE-9D39-DDA60CABFCDD}.Debug|Any CPU.ActiveCfg = Debug|Any CPU
		{85A8F369-E278-40FE-9D39-DDA60CABFCDD}.Debug|Any CPU.Build.0 = Debug|Any CPU
		{85A8F369-E278-40FE-9D39-DDA60CABFCDD}.Release|Any CPU.ActiveCfg = Release|Any CPU
		{85A8F369-E278-40FE-9D39-DDA60CABFCDD}.Release|Any CPU.Build.0 = Release|Any CPU
	EndGlobalSection
	GlobalSection(SolutionProperties) = preSolution
		HideSolutionNode = FALSE
	EndGlobalSection
	GlobalSection(ExtensibilityGlobals) = postSolution
		SolutionGuid = {8DC7AA40-C0D4-4A54-A376-4A98FB45AB52}
	EndGlobalSection
EndGlobal
